
Microsoft Visual Studio Solution File, Format Version 12.00
# Visual Studio 15
VisualStudioVersion = 15.0.27428.2005
MinimumVisualStudioVersion = 10.0.40219.1
Project("{FAE04EC0-301F-11D3-BF4B-00C04F79EFBC}") = "aplicacionC0205", "aplicacionC0205\aplicacionC0205.csproj", "{A831A099-A19E-4BD5-AA85-663CAE7ED5CB}"
EndProject
Global
	GlobalSection(SolutionConfigurationPlatforms) = preSolution
		Debug|Any CPU = Debug|Any CPU
		Release|Any CPU = Release|Any CPU
	EndGlobalSection
	GlobalSection(ProjectConfigurationPlatforms) = postSolution
		{A831A099-A19E-4BD5-AA85-663CAE7ED5CB}.Debug|Any CPU.ActiveCfg = Debug|Any CPU
		{A831A099-A19E-4BD5-AA85-663CAE7ED5CB}.Debug|Any CPU.Build.0 = Debug|Any CPU
		{A831A099-A19E-4BD5-AA85-663CAE7ED5CB}.Release|Any CPU.ActiveCfg = Release|Any CPU
		{A831A099-A19E-4BD5-AA85-663CAE7ED5CB}.Release|Any CPU.Build.0 = Release|Any CPU
	EndGlobalSection
	GlobalSection(SolutionProperties) = preSolution
		HideSolutionNode = FALSE
	EndGlobalSection
	GlobalSection(ExtensibilityGlobals) = postSolution
		SolutionGuid = {2F45CCF3-5D24-442B-AC5B-A05CC1AC58C3}
	EndGlobalSection
EndGlobal
